// !$*UTF8*$!
{
	archiveVersion = 1;
	classes = {
	};
	objectVersion = 50;
	objects = {

/* Begin PBXBuildFile section */
		B4C5F09F22B40E97005C9B08 /* RELAppDelegate.m in Sources */ = {isa = PBXBuildFile; fileRef = B4C5F09E22B40E97005C9B08 /* RELAppDelegate.m */; };
		B4C5F0A522B40E97005C9B08 /* Main.storyboard in Resources */ = {isa = PBXBuildFile; fileRef = B4C5F0A322B40E97005C9B08 /* Main.storyboard */; };
		B4C5F0A722B40E98005C9B08 /* Assets.xcassets in Resources */ = {isa = PBXBuildFile; fileRef = B4C5F0A622B40E98005C9B08 /* Assets.xcassets */; };
		B4C5F0AA22B40E98005C9B08 /* LaunchScreen.storyboard in Resources */ = {isa = PBXBuildFile; fileRef = B4C5F0A822B40E98005C9B08 /* LaunchScreen.storyboard */; };
		B4C5F0AD22B40E98005C9B08 /* main.m in Sources */ = {isa = PBXBuildFile; fileRef = B4C5F0AC22B40E98005C9B08 /* main.m */; };
		B4C5F0B722B40E98005C9B08 /* ReadingListTests.m in Sources */ = {isa = PBXBuildFile; fileRef = B4C5F0B622B40E98005C9B08 /* ReadingListTests.m */; };
		B4C5F0C322B43239005C9B08 /* RELReadingListController.m in Sources */ = {isa = PBXBuildFile; fileRef = B4C5F0C222B43239005C9B08 /* RELReadingListController.m */; };
		B4C5F0C622B43475005C9B08 /* RELViewBookController.m in Sources */ = {isa = PBXBuildFile; fileRef = B4C5F0C522B43475005C9B08 /* RELViewBookController.m */; };
		B4C5F0D522B44403005C9B08 /* RLMBook.m in Sources */ = {isa = PBXBuildFile; fileRef = B4C5F0C722B44402005C9B08 /* RLMBook.m */; };
		B4C5F0D622B44403005C9B08 /* RLMAuthor.m in Sources */ = {isa = PBXBuildFile; fileRef = B4C5F0CA22B44402005C9B08 /* RLMAuthor.m */; };
		B4C5F0D722B44403005C9B08 /* RLMModelObject.m in Sources */ = {isa = PBXBuildFile; fileRef = B4C5F0CB22B44402005C9B08 /* RLMModelObject.m */; };
		B4C5F0D822B44403005C9B08 /* RLMStoreController.m in Sources */ = {isa = PBXBuildFile; fileRef = B4C5F0D022B44402005C9B08 /* RLMStoreController.m */; };
		B4C5F0D922B44403005C9B08 /* ReadingList.plist in Resources */ = {isa = PBXBuildFile; fileRef = B4C5F0D122B44403005C9B08 /* ReadingList.plist */; };
		B4C5F0DA22B44403005C9B08 /* NSArray+RLMObjectMapping.m in Sources */ = {isa = PBXBuildFile; fileRef = B4C5F0D322B44403005C9B08 /* NSArray+RLMObjectMapping.m */; };
		B4C5F0DB22B44403005C9B08 /* RLMReadingList.m in Sources */ = {isa = PBXBuildFile; fileRef = B4C5F0D422B44403005C9B08 /* RLMReadingList.m */; };
		B4C5F0DF22B44A02005C9B08 /* RELDataSource.m in Sources */ = {isa = PBXBuildFile; fileRef = B4C5F0DE22B44A02005C9B08 /* RELDataSource.m */; };
		B4C5F0E222B4598D005C9B08 /* RELEditBookController.m in Sources */ = {isa = PBXBuildFile; fileRef = B4C5F0E122B4598D005C9B08 /* RELEditBookController.m */; };
		B4C5F0E522B45B86005C9B08 /* UIStoryboardSegue+RELAdditions.m in Sources */ = {isa = PBXBuildFile; fileRef = B4C5F0E422B45B86005C9B08 /* UIStoryboardSegue+RELAdditions.m */; };
		B4C5F0E722B4642B005C9B08 /* ViewAndEdit.storyboard in Resources */ = {isa = PBXBuildFile; fileRef = B4C5F0E622B4642B005C9B08 /* ViewAndEdit.storyboard */; };
		B4C5F0EA22B466AE005C9B08 /* RELAddBookController.m in Sources */ = {isa = PBXBuildFile; fileRef = B4C5F0E922B466AE005C9B08 /* RELAddBookController.m */; };
/* End PBXBuildFile section */

/* Begin PBXContainerItemProxy section */
		B4C5F0B322B40E98005C9B08 /* PBXContainerItemProxy */ = {
			isa = PBXContainerItemProxy;
			containerPortal = B4C5F09222B40E97005C9B08 /* Project object */;
			proxyType = 1;
			remoteGlobalIDString = B4C5F09922B40E97005C9B08;
			remoteInfo = ReadingList;
		};
/* End PBXContainerItemProxy section */

/* Begin PBXFileReference section */
		B4C5F09A22B40E97005C9B08 /* ReadingList.app */ = {isa = PBXFileReference; explicitFileType = wrapper.application; includeInIndex = 0; path = ReadingList.app; sourceTree = BUILT_PRODUCTS_DIR; };
		B4C5F09D22B40E97005C9B08 /* RELAppDelegate.h */ = {isa = PBXFileReference; lastKnownFileType = sourcecode.c.h; path = RELAppDelegate.h; sourceTree = "<group>"; };
		B4C5F09E22B40E97005C9B08 /* RELAppDelegate.m */ = {isa = PBXFileReference; lastKnownFileType = sourcecode.c.objc; path = RELAppDelegate.m; sourceTree = "<group>"; };
		B4C5F0A422B40E97005C9B08 /* Base */ = {isa = PBXFileReference; lastKnownFileType = file.storyboard; name = Base; path = Base.lproj/Main.storyboard; sourceTree = "<group>"; };
		B4C5F0A622B40E98005C9B08 /* Assets.xcassets */ = {isa = PBXFileReference; lastKnownFileType = folder.assetcatalog; path = Assets.xcassets; sourceTree = "<group>"; };
		B4C5F0A922B40E98005C9B08 /* Base */ = {isa = PBXFileReference; lastKnownFileType = file.storyboard; name = Base; path = Base.lproj/LaunchScreen.storyboard; sourceTree = "<group>"; };
		B4C5F0AB22B40E98005C9B08 /* Info.plist */ = {isa = PBXFileReference; lastKnownFileType = text.plist.xml; path = Info.plist; sourceTree = "<group>"; };
		B4C5F0AC22B40E98005C9B08 /* main.m */ = {isa = PBXFileReference; lastKnownFileType = sourcecode.c.objc; path = main.m; sourceTree = "<group>"; };
		B4C5F0B222B40E98005C9B08 /* ReadingListTests.xctest */ = {isa = PBXFileReference; explicitFileType = wrapper.cfbundle; includeInIndex = 0; path = ReadingListTests.xctest; sourceTree = BUILT_PRODUCTS_DIR; };
		B4C5F0B622B40E98005C9B08 /* ReadingListTests.m */ = {isa = PBXFileReference; lastKnownFileType = sourcecode.c.objc; path = ReadingListTests.m; sourceTree = "<group>"; };
		B4C5F0B822B40E98005C9B08 /* Info.plist */ = {isa = PBXFileReference; lastKnownFileType = text.plist.xml; path = Info.plist; sourceTree = "<group>"; };
		B4C5F0C122B43239005C9B08 /* RELReadingListController.h */ = {isa = PBXFileReference; lastKnownFileType = sourcecode.c.h; path = RELReadingListController.h; sourceTree = "<group>"; };
		B4C5F0C222B43239005C9B08 /* RELReadingListController.m */ = {isa = PBXFileReference; lastKnownFileType = sourcecode.c.objc; path = RELReadingListController.m; sourceTree = "<group>"; };
		B4C5F0C422B43475005C9B08 /* RELViewBookController.h */ = {isa = PBXFileReference; lastKnownFileType = sourcecode.c.h; path = RELViewBookController.h; sourceTree = "<group>"; };
		B4C5F0C522B43475005C9B08 /* RELViewBookController.m */ = {isa = PBXFileReference; lastKnownFileType = sourcecode.c.objc; path = RELViewBookController.m; sourceTree = "<group>"; };
		B4C5F0C722B44402005C9B08 /* RLMBook.m */ = {isa = PBXFileReference; fileEncoding = 4; lastKnownFileType = sourcecode.c.objc; path = RLMBook.m; sourceTree = "<group>"; };
		B4C5F0C822B44402005C9B08 /* RLMAuthor.h */ = {isa = PBXFileReference; fileEncoding = 4; lastKnownFileType = sourcecode.c.h; path = RLMAuthor.h; sourceTree = "<group>"; };
		B4C5F0C922B44402005C9B08 /* RLMStoreController.h */ = {isa = PBXFileReference; fileEncoding = 4; lastKnownFileType = sourcecode.c.h; path = RLMStoreController.h; sourceTree = "<group>"; };
		B4C5F0CA22B44402005C9B08 /* RLMAuthor.m */ = {isa = PBXFileReference; fileEncoding = 4; lastKnownFileType = sourcecode.c.objc; path = RLMAuthor.m; sourceTree = "<group>"; };
		B4C5F0CB22B44402005C9B08 /* RLMModelObject.m */ = {isa = PBXFileReference; fileEncoding = 4; lastKnownFileType = sourcecode.c.objc; path = RLMModelObject.m; sourceTree = "<group>"; };
		B4C5F0CC22B44402005C9B08 /* RLMReadingList.h */ = {isa = PBXFileReference; fileEncoding = 4; lastKnownFileType = sourcecode.c.h; path = RLMReadingList.h; sourceTree = "<group>"; };
		B4C5F0CD22B44402005C9B08 /* NSArray+RLMObjectMapping.h */ = {isa = PBXFileReference; fileEncoding = 4; lastKnownFileType = sourcecode.c.h; path = "NSArray+RLMObjectMapping.h"; sourceTree = "<group>"; };
		B4C5F0CE22B44402005C9B08 /* ReadingListModel.h */ = {isa = PBXFileReference; fileEncoding = 4; lastKnownFileType = sourcecode.c.h; path = ReadingListModel.h; sourceTree = "<group>"; };
		B4C5F0CF22B44402005C9B08 /* RLMModelObject.h */ = {isa = PBXFileReference; fileEncoding = 4; lastKnownFileType = sourcecode.c.h; path = RLMModelObject.h; sourceTree = "<group>"; };
		B4C5F0D022B44402005C9B08 /* RLMStoreController.m */ = {isa = PBXFileReference; fileEncoding = 4; lastKnownFileType = sourcecode.c.objc; path = RLMStoreController.m; sourceTree = "<group>"; };
		B4C5F0D122B44403005C9B08 /* ReadingList.plist */ = {isa = PBXFileReference; lastKnownFileType = text.plist; path = ReadingList.plist; sourceTree = "<group>"; };
		B4C5F0D222B44403005C9B08 /* RLMBook.h */ = {isa = PBXFileReference; fileEncoding = 4; lastKnownFileType = sourcecode.c.h; path = RLMBook.h; sourceTree = "<group>"; };
		B4C5F0D322B44403005C9B08 /* NSArray+RLMObjectMapping.m */ = {isa = PBXFileReference; fileEncoding = 4; lastKnownFileType = sourcecode.c.objc; path = "NSArray+RLMObjectMapping.m"; sourceTree = "<group>"; };
		B4C5F0D422B44403005C9B08 /* RLMReadingList.m */ = {isa = PBXFileReference; fileEncoding = 4; lastKnownFileType = sourcecode.c.objc; path = RLMReadingList.m; sourceTree = "<group>"; };
		B4C5F0DD22B44A02005C9B08 /* RELDataSource.h */ = {isa = PBXFileReference; lastKnownFileType = sourcecode.c.h; path = RELDataSource.h; sourceTree = "<group>"; };
		B4C5F0DE22B44A02005C9B08 /* RELDataSource.m */ = {isa = PBXFileReference; lastKnownFileType = sourcecode.c.objc; path = RELDataSource.m; sourceTree = "<group>"; };
		B4C5F0E022B4598D005C9B08 /* RELEditBookController.h */ = {isa = PBXFileReference; lastKnownFileType = sourcecode.c.h; path = RELEditBookController.h; sourceTree = "<group>"; };
		B4C5F0E122B4598D005C9B08 /* RELEditBookController.m */ = {isa = PBXFileReference; lastKnownFileType = sourcecode.c.objc; path = RELEditBookController.m; sourceTree = "<group>"; };
		B4C5F0E322B45B86005C9B08 /* UIStoryboardSegue+RELAdditions.h */ = {isa = PBXFileReference; lastKnownFileType = sourcecode.c.h; path = "UIStoryboardSegue+RELAdditions.h"; sourceTree = "<group>"; };
		B4C5F0E422B45B86005C9B08 /* UIStoryboardSegue+RELAdditions.m */ = {isa = PBXFileReference; lastKnownFileType = sourcecode.c.objc; path = "UIStoryboardSegue+RELAdditions.m"; sourceTree = "<group>"; };
		B4C5F0E622B4642B005C9B08 /* ViewAndEdit.storyboard */ = {isa = PBXFileReference; fileEncoding = 4; lastKnownFileType = file.storyboard; path = ViewAndEdit.storyboard; sourceTree = "<group>"; };
		B4C5F0E822B466AE005C9B08 /* RELAddBookController.h */ = {isa = PBXFileReference; lastKnownFileType = sourcecode.c.h; path = RELAddBookController.h; sourceTree = "<group>"; };
		B4C5F0E922B466AE005C9B08 /* RELAddBookController.m */ = {isa = PBXFileReference; lastKnownFileType = sourcecode.c.objc; path = RELAddBookController.m; sourceTree = "<group>"; };
/* End PBXFileReference section */

/* Begin PBXFrameworksBuildPhase section */
		B4C5F09722B40E97005C9B08 /* Frameworks */ = {
			isa = PBXFrameworksBuildPhase;
			buildActionMask = 2147483647;
			files = (
			);
			runOnlyForDeploymentPostprocessing = 0;
		};
		B4C5F0AF22B40E98005C9B08 /* Frameworks */ = {
			isa = PBXFrameworksBuildPhase;
			buildActionMask = 2147483647;
			files = (
			);
			runOnlyForDeploymentPostprocessing = 0;
		};
/* End PBXFrameworksBuildPhase section */

/* Begin PBXGroup section */
		B4C5F09122B40E97005C9B08 = {
			isa = PBXGroup;
			children = (
				B4C5F0DC22B4443C005C9B08 /* Model */,
				B4C5F09C22B40E97005C9B08 /* ReadingList */,
				B4C5F0B522B40E98005C9B08 /* ReadingListTests */,
				B4C5F09B22B40E97005C9B08 /* Products */,
			);
			sourceTree = "<group>";
		};
		B4C5F09B22B40E97005C9B08 /* Products */ = {
			isa = PBXGroup;
			children = (
				B4C5F09A22B40E97005C9B08 /* ReadingList.app */,
				B4C5F0B222B40E98005C9B08 /* ReadingListTests.xctest */,
			);
			name = Products;
			sourceTree = "<group>";
		};
		B4C5F09C22B40E97005C9B08 /* ReadingList */ = {
			isa = PBXGroup;
			children = (
				B4C5F09D22B40E97005C9B08 /* RELAppDelegate.h */,
				B4C5F09E22B40E97005C9B08 /* RELAppDelegate.m */,
				B4C5F0C122B43239005C9B08 /* RELReadingListController.h */,
				B4C5F0C222B43239005C9B08 /* RELReadingListController.m */,
				B4C5F0DD22B44A02005C9B08 /* RELDataSource.h */,
				B4C5F0DE22B44A02005C9B08 /* RELDataSource.m */,
				B4C5F0C422B43475005C9B08 /* RELViewBookController.h */,
				B4C5F0C522B43475005C9B08 /* RELViewBookController.m */,
				B4C5F0E022B4598D005C9B08 /* RELEditBookController.h */,
				B4C5F0E122B4598D005C9B08 /* RELEditBookController.m */,
				B4C5F0E822B466AE005C9B08 /* RELAddBookController.h */,
				B4C5F0E922B466AE005C9B08 /* RELAddBookController.m */,
				B4C5F0E322B45B86005C9B08 /* UIStoryboardSegue+RELAdditions.h */,
				B4C5F0E422B45B86005C9B08 /* UIStoryboardSegue+RELAdditions.m */,
				B4C5F0E622B4642B005C9B08 /* ViewAndEdit.storyboard */,
				B4C5F0A322B40E97005C9B08 /* Main.storyboard */,
				B4C5F0A622B40E98005C9B08 /* Assets.xcassets */,
				B4C5F0A822B40E98005C9B08 /* LaunchScreen.storyboard */,
				B4C5F0AB22B40E98005C9B08 /* Info.plist */,
				B4C5F0AC22B40E98005C9B08 /* main.m */,
			);
			path = ReadingList;
			sourceTree = "<group>";
		};
		B4C5F0B522B40E98005C9B08 /* ReadingListTests */ = {
			isa = PBXGroup;
			children = (
				B4C5F0B622B40E98005C9B08 /* ReadingListTests.m */,
				B4C5F0B822B40E98005C9B08 /* Info.plist */,
			);
			path = ReadingListTests;
			sourceTree = "<group>";
		};
		B4C5F0DC22B4443C005C9B08 /* Model */ = {
			isa = PBXGroup;
			children = (
				B4C5F0CD22B44402005C9B08 /* NSArray+RLMObjectMapping.h */,
				B4C5F0D322B44403005C9B08 /* NSArray+RLMObjectMapping.m */,
				B4C5F0D122B44403005C9B08 /* ReadingList.plist */,
				B4C5F0CE22B44402005C9B08 /* ReadingListModel.h */,
				B4C5F0C822B44402005C9B08 /* RLMAuthor.h */,
				B4C5F0CA22B44402005C9B08 /* RLMAuthor.m */,
				B4C5F0D222B44403005C9B08 /* RLMBook.h */,
				B4C5F0C722B44402005C9B08 /* RLMBook.m */,
				B4C5F0CF22B44402005C9B08 /* RLMModelObject.h */,
				B4C5F0CB22B44402005C9B08 /* RLMModelObject.m */,
				B4C5F0CC22B44402005C9B08 /* RLMReadingList.h */,
				B4C5F0D422B44403005C9B08 /* RLMReadingList.m */,
				B4C5F0C922B44402005C9B08 /* RLMStoreController.h */,
				B4C5F0D022B44402005C9B08 /* RLMStoreController.m */,
			);
			path = Model;
			sourceTree = "<group>";
		};
/* End PBXGroup section */

/* Begin PBXNativeTarget section */
		B4C5F09922B40E97005C9B08 /* ReadingList */ = {
			isa = PBXNativeTarget;
			buildConfigurationList = B4C5F0BB22B40E98005C9B08 /* Build configuration list for PBXNativeTarget "ReadingList" */;
			buildPhases = (
				B4C5F09622B40E97005C9B08 /* Sources */,
				B4C5F09722B40E97005C9B08 /* Frameworks */,
				B4C5F09822B40E97005C9B08 /* Resources */,
			);
			buildRules = (
			);
			dependencies = (
			);
			name = ReadingList;
			productName = ReadingList;
			productReference = B4C5F09A22B40E97005C9B08 /* ReadingList.app */;
			productType = "com.apple.product-type.application";
		};
		B4C5F0B122B40E98005C9B08 /* ReadingListTests */ = {
			isa = PBXNativeTarget;
			buildConfigurationList = B4C5F0BE22B40E98005C9B08 /* Build configuration list for PBXNativeTarget "ReadingListTests" */;
			buildPhases = (
				B4C5F0AE22B40E98005C9B08 /* Sources */,
				B4C5F0AF22B40E98005C9B08 /* Frameworks */,
				B4C5F0B022B40E98005C9B08 /* Resources */,
			);
			buildRules = (
			);
			dependencies = (
				B4C5F0B422B40E98005C9B08 /* PBXTargetDependency */,
			);
			name = ReadingListTests;
			productName = ReadingListTests;
			productReference = B4C5F0B222B40E98005C9B08 /* ReadingListTests.xctest */;
			productType = "com.apple.product-type.bundle.unit-test";
		};
/* End PBXNativeTarget section */

/* Begin PBXProject section */
		B4C5F09222B40E97005C9B08 /* Project object */ = {
			isa = PBXProject;
			attributes = {
				LastUpgradeCheck = 1020;
				ORGANIZATIONNAME = "About Objects";
				TargetAttributes = {
					B4C5F09922B40E97005C9B08 = {
						CreatedOnToolsVersion = 10.2.1;
					};
					B4C5F0B122B40E98005C9B08 = {
						CreatedOnToolsVersion = 10.2.1;
						TestTargetID = B4C5F09922B40E97005C9B08;
					};
				};
			};
			buildConfigurationList = B4C5F09522B40E97005C9B08 /* Build configuration list for PBXProject "ReadingList" */;
			compatibilityVersion = "Xcode 9.3";
			developmentRegion = en;
			hasScannedForEncodings = 0;
			knownRegions = (
				en,
				Base,
			);
			mainGroup = B4C5F09122B40E97005C9B08;
			productRefGroup = B4C5F09B22B40E97005C9B08 /* Products */;
			projectDirPath = "";
			projectRoot = "";
			targets = (
				B4C5F09922B40E97005C9B08 /* ReadingList */,
				B4C5F0B122B40E98005C9B08 /* ReadingListTests */,
			);
		};
/* End PBXProject section */

/* Begin PBXResourcesBuildPhase section */
		B4C5F09822B40E97005C9B08 /* Resources */ = {
			isa = PBXResourcesBuildPhase;
			buildActionMask = 2147483647;
			files = (
				B4C5F0AA22B40E98005C9B08 /* LaunchScreen.storyboard in Resources */,
				B4C5F0E722B4642B005C9B08 /* ViewAndEdit.storyboard in Resources */,
				B4C5F0D922B44403005C9B08 /* ReadingList.plist in Resources */,
				B4C5F0A722B40E98005C9B08 /* Assets.xcassets in Resources */,
				B4C5F0A522B40E97005C9B08 /* Main.storyboard in Resources */,
			);
			runOnlyForDeploymentPostprocessing = 0;
		};
		B4C5F0B022B40E98005C9B08 /* Resources */ = {
			isa = PBXResourcesBuildPhase;
			buildActionMask = 2147483647;
			files = (
			);
			runOnlyForDeploymentPostprocessing = 0;
		};
/* End PBXResourcesBuildPhase section */

/* Begin PBXSourcesBuildPhase section */
		B4C5F09622B40E97005C9B08 /* Sources */ = {
			isa = PBXSourcesBuildPhase;
			buildActionMask = 2147483647;
			files = (
				B4C5F0D622B44403005C9B08 /* RLMAuthor.m in Sources */,
				B4C5F0DF22B44A02005C9B08 /* RELDataSource.m in Sources */,
				B4C5F0E222B4598D005C9B08 /* RELEditBookController.m in Sources */,
				B4C5F0AD22B40E98005C9B08 /* main.m in Sources */,
				B4C5F0E522B45B86005C9B08 /* UIStoryboardSegue+RELAdditions.m in Sources */,
				B4C5F0C322B43239005C9B08 /* RELReadingListController.m in Sources */,
				B4C5F0EA22B466AE005C9B08 /* RELAddBookController.m in Sources */,
				B4C5F0D822B44403005C9B08 /* RLMStoreController.m in Sources */,
				B4C5F0DA22B44403005C9B08 /* NSArray+RLMObjectMapping.m in Sources */,
				B4C5F0D722B44403005C9B08 /* RLMModelObject.m in Sources */,
				B4C5F0D522B44403005C9B08 /* RLMBook.m in Sources */,
				B4C5F09F22B40E97005C9B08 /* RELAppDelegate.m in Sources */,
				B4C5F0DB22B44403005C9B08 /* RLMReadingList.m in Sources */,
				B4C5F0C622B43475005C9B08 /* RELViewBookController.m in Sources */,
			);
			runOnlyForDeploymentPostprocessing = 0;
		};
		B4C5F0AE22B40E98005C9B08 /* Sources */ = {
			isa = PBXSourcesBuildPhase;
			buildActionMask = 2147483647;
			files = (
				B4C5F0B722B40E98005C9B08 /* ReadingListTests.m in Sources */,
			);
			runOnlyForDeploymentPostprocessing = 0;
		};
/* End PBXSourcesBuildPhase section */

/* Begin PBXTargetDependency section */
		B4C5F0B422B40E98005C9B08 /* PBXTargetDependency */ = {
			isa = PBXTargetDependency;
			target = B4C5F09922B40E97005C9B08 /* ReadingList */;
			targetProxy = B4C5F0B322B40E98005C9B08 /* PBXContainerItemProxy */;
		};
/* End PBXTargetDependency section */

/* Begin PBXVariantGroup section */
		B4C5F0A322B40E97005C9B08 /* Main.storyboard */ = {
			isa = PBXVariantGroup;
			children = (
				B4C5F0A422B40E97005C9B08 /* Base */,
			);
			name = Main.storyboard;
			sourceTree = "<group>";
		};
		B4C5F0A822B40E98005C9B08 /* LaunchScreen.storyboard */ = {
			isa = PBXVariantGroup;
			children = (
				B4C5F0A922B40E98005C9B08 /* Base */,
			);
			name = LaunchScreen.storyboard;
			sourceTree = "<group>";
		};
/* End PBXVariantGroup section */

/* Begin XCBuildConfiguration section */
		B4C5F0B922B40E98005C9B08 /* Debug */ = {
			isa = XCBuildConfiguration;
			buildSettings = {
				ALWAYS_SEARCH_USER_PATHS = NO;
				CLANG_ANALYZER_NONNULL = YES;
				CLANG_ANALYZER_NUMBER_OBJECT_CONVERSION = YES_AGGRESSIVE;
				CLANG_CXX_LANGUAGE_STANDARD = "gnu++14";
				CLANG_CXX_LIBRARY = "libc++";
				CLANG_ENABLE_MODULES = YES;
				CLANG_ENABLE_OBJC_ARC = YES;
				CLANG_ENABLE_OBJC_WEAK = YES;
				CLANG_WARN_BLOCK_CAPTURE_AUTORELEASING = YES;
				CLANG_WARN_BOOL_CONVERSION = YES;
				CLANG_WARN_COMMA = YES;
				CLANG_WARN_CONSTANT_CONVERSION = YES;
				CLANG_WARN_DEPRECATED_OBJC_IMPLEMENTATIONS = YES;
				CLANG_WARN_DIRECT_OBJC_ISA_USAGE = YES_ERROR;
				CLANG_WARN_DOCUMENTATION_COMMENTS = YES;
				CLANG_WARN_EMPTY_BODY = YES;
				CLANG_WARN_ENUM_CONVERSION = YES;
				CLANG_WARN_INFINITE_RECURSION = YES;
				CLANG_WARN_INT_CONVERSION = YES;
				CLANG_WARN_NON_LITERAL_NULL_CONVERSION = YES;
				CLANG_WARN_OBJC_IMPLICIT_RETAIN_SELF = YES;
				CLANG_WARN_OBJC_LITERAL_CONVERSION = YES;
				CLANG_WARN_OBJC_ROOT_CLASS = YES_ERROR;
				CLANG_WARN_RANGE_LOOP_ANALYSIS = YES;
				CLANG_WARN_STRICT_PROTOTYPES = YES;
				CLANG_WARN_SUSPICIOUS_MOVE = YES;
				CLANG_WARN_UNGUARDED_AVAILABILITY = YES_AGGRESSIVE;
				CLANG_WARN_UNREACHABLE_CODE = YES;
				CLANG_WARN__DUPLICATE_METHOD_MATCH = YES;
				CODE_SIGN_IDENTITY = "iPhone Developer";
				COPY_PHASE_STRIP = NO;
				DEBUG_INFORMATION_FORMAT = dwarf;
				ENABLE_STRICT_OBJC_MSGSEND = YES;
				ENABLE_TESTABILITY = YES;
				GCC_C_LANGUAGE_STANDARD = gnu11;
				GCC_DYNAMIC_NO_PIC = NO;
				GCC_NO_COMMON_BLOCKS = YES;
				GCC_OPTIMIZATION_LEVEL = 0;
				GCC_PREPROCESSOR_DEFINITIONS = (
					"DEBUG=1",
					"$(inherited)",
				);
				GCC_WARN_64_TO_32_BIT_CONVERSION = YES;
				GCC_WARN_ABOUT_RETURN_TYPE = YES_ERROR;
				GCC_WARN_UNDECLARED_SELECTOR = YES;
				GCC_WARN_UNINITIALIZED_AUTOS = YES_AGGRESSIVE;
				GCC_WARN_UNUSED_FUNCTION = YES;
				GCC_WARN_UNUSED_VARIABLE = YES;
				IPHONEOS_DEPLOYMENT_TARGET = 12.2;
				MTL_ENABLE_DEBUG_INFO = INCLUDE_SOURCE;
				MTL_FAST_MATH = YES;
				ONLY_ACTIVE_ARCH = YES;
				SDKROOT = iphoneos;
			};
			name = Debug;
		};
		B4C5F0BA22B40E98005C9B08 /* Release */ = {
			isa = XCBuildConfiguration;
			buildSettings = {
				ALWAYS_SEARCH_USER_PATHS = NO;
				CLANG_ANALYZER_NONNULL = YES;
				CLANG_ANALYZER_NUMBER_OBJECT_CONVERSION = YES_AGGRESSIVE;
				CLANG_CXX_LANGUAGE_STANDARD = "gnu++14";
				CLANG_CXX_LIBRARY = "libc++";
				CLANG_ENABLE_MODULES = YES;
				CLANG_ENABLE_OBJC_ARC = YES;
				CLANG_ENABLE_OBJC_WEAK = YES;
				CLANG_WARN_BLOCK_CAPTURE_AUTORELEASING = YES;
				CLANG_WARN_BOOL_CONVERSION = YES;
				CLANG_WARN_COMMA = YES;
				CLANG_WARN_CONSTANT_CONVERSION = YES;
				CLANG_WARN_DEPRECATED_OBJC_IMPLEMENTATIONS = YES;
				CLANG_WARN_DIRECT_OBJC_ISA_USAGE = YES_ERROR;
				CLANG_WARN_DOCUMENTATION_COMMENTS = YES;
				CLANG_WARN_EMPTY_BODY = YES;
				CLANG_WARN_ENUM_CONVERSION = YES;
				CLANG_WARN_INFINITE_RECURSION = YES;
				CLANG_WARN_INT_CONVERSION = YES;
				CLANG_WARN_NON_LITERAL_NULL_CONVERSION = YES;
				CLANG_WARN_OBJC_IMPLICIT_RETAIN_SELF = YES;
				CLANG_WARN_OBJC_LITERAL_CONVERSION = YES;
				CLANG_WARN_OBJC_ROOT_CLASS = YES_ERROR;
				CLANG_WARN_RANGE_LOOP_ANALYSIS = YES;
				CLANG_WARN_STRICT_PROTOTYPES = YES;
				CLANG_WARN_SUSPICIOUS_MOVE = YES;
				CLANG_WARN_UNGUARDED_AVAILABILITY = YES_AGGRESSIVE;
				CLANG_WARN_UNREACHABLE_CODE = YES;
				CLANG_WARN__DUPLICATE_METHOD_MATCH = YES;
				CODE_SIGN_IDENTITY = "iPhone Developer";
				COPY_PHASE_STRIP = NO;
				DEBUG_INFORMATION_FORMAT = "dwarf-with-dsym";
				ENABLE_NS_ASSERTIONS = NO;
				ENABLE_STRICT_OBJC_MSGSEND = YES;
				GCC_C_LANGUAGE_STANDARD = gnu11;
				GCC_NO_COMMON_BLOCKS = YES;
				GCC_WARN_64_TO_32_BIT_CONVERSION = YES;
				GCC_WARN_ABOUT_RETURN_TYPE = YES_ERROR;
				GCC_WARN_UNDECLARED_SELECTOR = YES;
				GCC_WARN_UNINITIALIZED_AUTOS = YES_AGGRESSIVE;
				GCC_WARN_UNUSED_FUNCTION = YES;
				GCC_WARN_UNUSED_VARIABLE = YES;
				IPHONEOS_DEPLOYMENT_TARGET = 12.2;
				MTL_ENABLE_DEBUG_INFO = NO;
				MTL_FAST_MATH = YES;
				SDKROOT = iphoneos;
				VALIDATE_PRODUCT = YES;
			};
			name = Release;
		};
		B4C5F0BC22B40E98005C9B08 /* Debug */ = {
			isa = XCBuildConfiguration;
			buildSettings = {
				ASSETCATALOG_COMPILER_APPICON_NAME = AppIcon;
				CODE_SIGN_STYLE = Automatic;
				DEVELOPMENT_TEAM = 7J7LD9SB6Q;
				INFOPLIST_FILE = ReadingList/Info.plist;
				LD_RUNPATH_SEARCH_PATHS = (
					"$(inherited)",
					"@executable_path/Frameworks",
				);
				PRODUCT_BUNDLE_IDENTIFIER = com.aboutobjects.ReadingList;
				PRODUCT_NAME = "$(TARGET_NAME)";
				TARGETED_DEVICE_FAMILY = "1,2";
			};
			name = Debug;
		};
		B4C5F0BD22B40E98005C9B08 /* Release */ = {
			isa = XCBuildConfiguration;
			buildSettings = {
				ASSETCATALOG_COMPILER_APPICON_NAME = AppIcon;
				CODE_SIGN_STYLE = Automatic;
				DEVELOPMENT_TEAM = 7J7LD9SB6Q;
				INFOPLIST_FILE = ReadingList/Info.plist;
				LD_RUNPATH_SEARCH_PATHS = (
					"$(inherited)",
					"@executable_path/Frameworks",
				);
				PRODUCT_BUNDLE_IDENTIFIER = com.aboutobjects.ReadingList;
				PRODUCT_NAME = "$(TARGET_NAME)";
				TARGETED_DEVICE_FAMILY = "1,2";
			};
			name = Release;
		};
		B4C5F0BF22B40E98005C9B08 /* Debug */ = {
			isa = XCBuildConfiguration;
			buildSettings = {
				BUNDLE_LOADER = "$(TEST_HOST)";
				CODE_SIGN_STYLE = Automatic;
				DEVELOPMENT_TEAM = 7J7LD9SB6Q;
				INFOPLIST_FILE = ReadingListTests/Info.plist;
				LD_RUNPATH_SEARCH_PATHS = (
					"$(inherited)",
					"@executable_path/Frameworks",
					"@loader_path/Frameworks",
				);
				PRODUCT_BUNDLE_IDENTIFIER = com.aboutobjects.ReadingListTests;
				PRODUCT_NAME = "$(TARGET_NAME)";
				TARGETED_DEVICE_FAMILY = "1,2";
				TEST_HOST = "$(BUILT_PRODUCTS_DIR)/ReadingList.app/ReadingList";
			};
			name = Debug;
		};
		B4C5F0C022B40E98005C9B08 /* Release */ = {
			isa = XCBuildConfiguration;
			buildSettings = {
				BUNDLE_LOADER = "$(TEST_HOST)";
				CODE_SIGN_STYLE = Automatic;
				DEVELOPMENT_TEAM = 7J7LD9SB6Q;
				INFOPLIST_FILE = ReadingListTests/Info.plist;
				LD_RUNPATH_SEARCH_PATHS = (
					"$(inherited)",
					"@executable_path/Frameworks",
					"@loader_path/Frameworks",
				);
				PRODUCT_BUNDLE_IDENTIFIER = com.aboutobjects.ReadingListTests;
				PRODUCT_NAME = "$(TARGET_NAME)";
				TARGETED_DEVICE_FAMILY = "1,2";
				TEST_HOST = "$(BUILT_PRODUCTS_DIR)/ReadingList.app/ReadingList";
			};
			name = Release;
		};
/* End XCBuildConfiguration section */

/* Begin XCConfigurationList section */
		B4C5F09522B40E97005C9B08 /* Build configuration list for PBXProject "ReadingList" */ = {
			isa = XCConfigurationList;
			buildConfigurations = (
				B4C5F0B922B40E98005C9B08 /* Debug */,
				B4C5F0BA22B40E98005C9B08 /* Release */,
			);
			defaultConfigurationIsVisible = 0;
			defaultConfigurationName = Release;
		};
		B4C5F0BB22B40E98005C9B08 /* Build configuration list for PBXNativeTarget "ReadingList" */ = {
			isa = XCConfigurationList;
			buildConfigurations = (
				B4C5F0BC22B40E98005C9B08 /* Debug */,
				B4C5F0BD22B40E98005C9B08 /* Release */,
			);
			defaultConfigurationIsVisible = 0;
			defaultConfigurationName = Release;
		};
		B4C5F0BE22B40E98005C9B08 /* Build configuration list for PBXNativeTarget "ReadingListTests" */ = {
			isa = XCConfigurationList;
			buildConfigurations = (
				B4C5F0BF22B40E98005C9B08 /* Debug */,
				B4C5F0C022B40E98005C9B08 /* Release */,
			);
			defaultConfigurationIsVisible = 0;
			defaultConfigurationName = Release;
		};
/* End XCConfigurationList section */
	};
	rootObject = B4C5F09222B40E97005C9B08 /* Project object */;
}
